
Microsoft Visual Studio Solution File, Format Version 12.00
Project("{FAE04EC0-301F-11D3-BF4B-00C04F79EFBC}") = "Program", "Program\Program.csproj", "{982A747E-EE56-4E0E-9B51-DAD5C0653AA5}"
EndProject
Project("{FAE04EC0-301F-11D3-BF4B-00C04F79EFBC}") = "ConsoleApplication2", "ConsoleApplication2\ConsoleApplication2.csproj", "{985889B8-8856-476D-A7C8-68C6BC9E203F}"
EndProject
Global
	GlobalSection(SolutionConfigurationPlatforms) = preSolution
		Debug|Any CPU = Debug|Any CPU
		Release|Any CPU = Release|Any CPU
	EndGlobalSection
	GlobalSection(ProjectConfigurationPlatforms) = postSolution
		{982A747E-EE56-4E0E-9B51-DAD5C0653AA5}.Debug|Any CPU.ActiveCfg = Debug|Any CPU
		{982A747E-EE56-4E0E-9B51-DAD5C0653AA5}.Debug|Any CPU.Build.0 = Debug|Any CPU
		{982A747E-EE56-4E0E-9B51-DAD5C0653AA5}.Release|Any CPU.ActiveCfg = Release|Any CPU
		{982A747E-EE56-4E0E-9B51-DAD5C0653AA5}.Release|Any CPU.Build.0 = Release|Any CPU
		{985889B8-8856-476D-A7C8-68C6BC9E203F}.Debug|Any CPU.ActiveCfg = Debug|Any CPU
		{985889B8-8856-476D-A7C8-68C6BC9E203F}.Debug|Any CPU.Build.0 = Debug|Any CPU
		{985889B8-8856-476D-A7C8-68C6BC9E203F}.Release|Any CPU.ActiveCfg = Release|Any CPU
		{985889B8-8856-476D-A7C8-68C6BC9E203F}.Release|Any CPU.Build.0 = Release|Any CPU
	EndGlobalSection
EndGlobal
