
Microsoft Visual Studio Solution File, Format Version 12.00
Project("{FAE04EC0-301F-11D3-BF4B-00C04F79EFBC}") = "FillExcelFCR", "FillExcelFCR\FillExcelFCR.csproj", "{FEFFC5AD-A0D3-4CBB-A6F7-B9BE162E98F5}"
EndProject
Global
	GlobalSection(SolutionConfigurationPlatforms) = preSolution
		Debug|Any CPU = Debug|Any CPU
		Release|Any CPU = Release|Any CPU
	EndGlobalSection
	GlobalSection(ProjectConfigurationPlatforms) = postSolution
		{FEFFC5AD-A0D3-4CBB-A6F7-B9BE162E98F5}.Debug|Any CPU.ActiveCfg = Debug|Any CPU
		{FEFFC5AD-A0D3-4CBB-A6F7-B9BE162E98F5}.Debug|Any CPU.Build.0 = Debug|Any CPU
		{FEFFC5AD-A0D3-4CBB-A6F7-B9BE162E98F5}.Release|Any CPU.ActiveCfg = Release|Any CPU
		{FEFFC5AD-A0D3-4CBB-A6F7-B9BE162E98F5}.Release|Any CPU.Build.0 = Release|Any CPU
	EndGlobalSection
EndGlobal
